
Microsoft Visual Studio Solution File, Format Version 12.00
# Visual Studio Version 17
VisualStudioVersion = 17.0.32112.339
MinimumVisualStudioVersion = 10.0.40219.1
Project("{FAE04EC0-301F-11D3-BF4B-00C04F79EFBC}") = "KPL_1302201138_MOD5_JURNAL_GGR", "KPL_1302201138_MOD5_JURNAL_GGR.csproj", "{62DF2E37-A3F2-476E-AB27-82FD782D7854}"
EndProject
Global
	GlobalSection(SolutionConfigurationPlatforms) = preSolution
		Debug|Any CPU = Debug|Any CPU
		Release|Any CPU = Release|Any CPU
	EndGlobalSection
	GlobalSection(ProjectConfigurationPlatforms) = postSolution
		{62DF2E37-A3F2-476E-AB27-82FD782D7854}.Debug|Any CPU.ActiveCfg = Debug|Any CPU
		{62DF2E37-A3F2-476E-AB27-82FD782D7854}.Debug|Any CPU.Build.0 = Debug|Any CPU
		{62DF2E37-A3F2-476E-AB27-82FD782D7854}.Release|Any CPU.ActiveCfg = Release|Any CPU
		{62DF2E37-A3F2-476E-AB27-82FD782D7854}.Release|Any CPU.Build.0 = Release|Any CPU
	EndGlobalSection
	GlobalSection(SolutionProperties) = preSolution
		HideSolutionNode = FALSE
	EndGlobalSection
	GlobalSection(ExtensibilityGlobals) = postSolution
		SolutionGuid = {41D881A3-A0B2-40A0-832B-DACFA0A2E966}
	EndGlobalSection
EndGlobal
